// !$*UTF8*$!
{
	archiveVersion = 1;
	classes = {
	};
	objectVersion = 55;
	objects = {

/* Begin PBXBuildFile section */
		06512BF89A0BC0B5D38C71AD /* Pods_Instagram.framework in Frameworks */ = {isa = PBXBuildFile; fileRef = A62CD1D874A20E0B9273C442 /* Pods_Instagram.framework */; };
		2CF19A55BEEA2F28FDFE2206 /* Pods_InstagramTests.framework in Frameworks */ = {isa = PBXBuildFile; fileRef = 80F6E45C87E3BABB15A84763 /* Pods_InstagramTests.framework */; };
		3AFD12B45E7B5F9DF9FAFACF /* Pods_Instagram_InstagramUITests.framework in Frameworks */ = {isa = PBXBuildFile; fileRef = B246A7824BFAD55C03979C39 /* Pods_Instagram_InstagramUITests.framework */; };
		44D3B2A227CA7DC2009A0B9D /* AppDelegate.swift in Sources */ = {isa = PBXBuildFile; fileRef = 44D3B2A127CA7DC2009A0B9D /* AppDelegate.swift */; };
		44D3B2A427CA7DC2009A0B9D /* SceneDelegate.swift in Sources */ = {isa = PBXBuildFile; fileRef = 44D3B2A327CA7DC2009A0B9D /* SceneDelegate.swift */; };
		44D3B2A927CA7DC2009A0B9D /* Main.storyboard in Resources */ = {isa = PBXBuildFile; fileRef = 44D3B2A727CA7DC2009A0B9D /* Main.storyboard */; };
		44D3B2AB27CA7DC5009A0B9D /* Assets.xcassets in Resources */ = {isa = PBXBuildFile; fileRef = 44D3B2AA27CA7DC5009A0B9D /* Assets.xcassets */; };
		44D3B2AE27CA7DC5009A0B9D /* LaunchScreen.storyboard in Resources */ = {isa = PBXBuildFile; fileRef = 44D3B2AC27CA7DC5009A0B9D /* LaunchScreen.storyboard */; };
		44D3B2B927CA7DC5009A0B9D /* InstagramTests.swift in Sources */ = {isa = PBXBuildFile; fileRef = 44D3B2B827CA7DC5009A0B9D /* InstagramTests.swift */; };
		44D3B2C327CA7DC5009A0B9D /* InstagramUITests.swift in Sources */ = {isa = PBXBuildFile; fileRef = 44D3B2C227CA7DC5009A0B9D /* InstagramUITests.swift */; };
		44D3B2C527CA7DC5009A0B9D /* InstagramUITestsLaunchTests.swift in Sources */ = {isa = PBXBuildFile; fileRef = 44D3B2C427CA7DC5009A0B9D /* InstagramUITestsLaunchTests.swift */; };
		44D3B2D227CA805A009A0B9D /* LoginViewController.swift in Sources */ = {isa = PBXBuildFile; fileRef = 44D3B2D127CA805A009A0B9D /* LoginViewController.swift */; };
		44D3B2D427CA8066009A0B9D /* FeedViewController.swift in Sources */ = {isa = PBXBuildFile; fileRef = 44D3B2D327CA8066009A0B9D /* FeedViewController.swift */; };
		44D3B2D627CB0E5F009A0B9D /* CameraViewController.swift in Sources */ = {isa = PBXBuildFile; fileRef = 44D3B2D527CB0E5F009A0B9D /* CameraViewController.swift */; };
		44D3B2D827CB457A009A0B9D /* PostCell.swift in Sources */ = {isa = PBXBuildFile; fileRef = 44D3B2D727CB457A009A0B9D /* PostCell.swift */; };
		44FCB8FC27CEC72700FEAA5D /* CommentCell.swift in Sources */ = {isa = PBXBuildFile; fileRef = 44FCB8FB27CEC72700FEAA5D /* CommentCell.swift */; };
/* End PBXBuildFile section */

/* Begin PBXContainerItemProxy section */
		44D3B2B527CA7DC5009A0B9D /* PBXContainerItemProxy */ = {
			isa = PBXContainerItemProxy;
			containerPortal = 44D3B29627CA7DC2009A0B9D /* Project object */;
			proxyType = 1;
			remoteGlobalIDString = 44D3B29D27CA7DC2009A0B9D;
			remoteInfo = Instagram;
		};
		44D3B2BF27CA7DC5009A0B9D /* PBXContainerItemProxy */ = {
			isa = PBXContainerItemProxy;
			containerPortal = 44D3B29627CA7DC2009A0B9D /* Project object */;
			proxyType = 1;
			remoteGlobalIDString = 44D3B29D27CA7DC2009A0B9D;
			remoteInfo = Instagram;
		};
/* End PBXContainerItemProxy section */

/* Begin PBXFileReference section */
		2CC0BE2DACB4E3B117DA9549 /* Pods-Instagram-InstagramUITests.release.xcconfig */ = {isa = PBXFileReference; includeInIndex = 1; lastKnownFileType = text.xcconfig; name = "Pods-Instagram-InstagramUITests.release.xcconfig"; path = "Target Support Files/Pods-Instagram-InstagramUITests/Pods-Instagram-InstagramUITests.release.xcconfig"; sourceTree = "<group>"; };
		345B8A6DC2EBFD4334B4D146 /* Pods-InstagramTests.debug.xcconfig */ = {isa = PBXFileReference; includeInIndex = 1; lastKnownFileType = text.xcconfig; name = "Pods-InstagramTests.debug.xcconfig"; path = "Target Support Files/Pods-InstagramTests/Pods-InstagramTests.debug.xcconfig"; sourceTree = "<group>"; };
		44D3B29E27CA7DC2009A0B9D /* Instagram.app */ = {isa = PBXFileReference; explicitFileType = wrapper.application; includeInIndex = 0; path = Instagram.app; sourceTree = BUILT_PRODUCTS_DIR; };
		44D3B2A127CA7DC2009A0B9D /* AppDelegate.swift */ = {isa = PBXFileReference; lastKnownFileType = sourcecode.swift; path = AppDelegate.swift; sourceTree = "<group>"; };
		44D3B2A327CA7DC2009A0B9D /* SceneDelegate.swift */ = {isa = PBXFileReference; lastKnownFileType = sourcecode.swift; path = SceneDelegate.swift; sourceTree = "<group>"; };
		44D3B2A827CA7DC2009A0B9D /* Base */ = {isa = PBXFileReference; lastKnownFileType = file.storyboard; name = Base; path = Base.lproj/Main.storyboard; sourceTree = "<group>"; };
		44D3B2AA27CA7DC5009A0B9D /* Assets.xcassets */ = {isa = PBXFileReference; lastKnownFileType = folder.assetcatalog; path = Assets.xcassets; sourceTree = "<group>"; };
		44D3B2AD27CA7DC5009A0B9D /* Base */ = {isa = PBXFileReference; lastKnownFileType = file.storyboard; name = Base; path = Base.lproj/LaunchScreen.storyboard; sourceTree = "<group>"; };
		44D3B2AF27CA7DC5009A0B9D /* Info.plist */ = {isa = PBXFileReference; lastKnownFileType = text.plist.xml; path = Info.plist; sourceTree = "<group>"; };
		44D3B2B427CA7DC5009A0B9D /* InstagramTests.xctest */ = {isa = PBXFileReference; explicitFileType = wrapper.cfbundle; includeInIndex = 0; path = InstagramTests.xctest; sourceTree = BUILT_PRODUCTS_DIR; };
		44D3B2B827CA7DC5009A0B9D /* InstagramTests.swift */ = {isa = PBXFileReference; lastKnownFileType = sourcecode.swift; path = InstagramTests.swift; sourceTree = "<group>"; };
		44D3B2BE27CA7DC5009A0B9D /* InstagramUITests.xctest */ = {isa = PBXFileReference; explicitFileType = wrapper.cfbundle; includeInIndex = 0; path = InstagramUITests.xctest; sourceTree = BUILT_PRODUCTS_DIR; };
		44D3B2C227CA7DC5009A0B9D /* InstagramUITests.swift */ = {isa = PBXFileReference; lastKnownFileType = sourcecode.swift; path = InstagramUITests.swift; sourceTree = "<group>"; };
		44D3B2C427CA7DC5009A0B9D /* InstagramUITestsLaunchTests.swift */ = {isa = PBXFileReference; lastKnownFileType = sourcecode.swift; path = InstagramUITestsLaunchTests.swift; sourceTree = "<group>"; };
		44D3B2D127CA805A009A0B9D /* LoginViewController.swift */ = {isa = PBXFileReference; lastKnownFileType = sourcecode.swift; path = LoginViewController.swift; sourceTree = "<group>"; };
		44D3B2D327CA8066009A0B9D /* FeedViewController.swift */ = {isa = PBXFileReference; lastKnownFileType = sourcecode.swift; path = FeedViewController.swift; sourceTree = "<group>"; };
		44D3B2D527CB0E5F009A0B9D /* CameraViewController.swift */ = {isa = PBXFileReference; lastKnownFileType = sourcecode.swift; path = CameraViewController.swift; sourceTree = "<group>"; };
		44D3B2D727CB457A009A0B9D /* PostCell.swift */ = {isa = PBXFileReference; lastKnownFileType = sourcecode.swift; path = PostCell.swift; sourceTree = "<group>"; };
		44FCB8FB27CEC72700FEAA5D /* CommentCell.swift */ = {isa = PBXFileReference; lastKnownFileType = sourcecode.swift; path = CommentCell.swift; sourceTree = "<group>"; };
		5353D5F2C7AB0C6207DC6061 /* Pods-Instagram-InstagramUITests.debug.xcconfig */ = {isa = PBXFileReference; includeInIndex = 1; lastKnownFileType = text.xcconfig; name = "Pods-Instagram-InstagramUITests.debug.xcconfig"; path = "Target Support Files/Pods-Instagram-InstagramUITests/Pods-Instagram-InstagramUITests.debug.xcconfig"; sourceTree = "<group>"; };
		6074B1EE4AAC10203D8CB9E3 /* Pods-Instagram.debug.xcconfig */ = {isa = PBXFileReference; includeInIndex = 1; lastKnownFileType = text.xcconfig; name = "Pods-Instagram.debug.xcconfig"; path = "Target Support Files/Pods-Instagram/Pods-Instagram.debug.xcconfig"; sourceTree = "<group>"; };
		74EB5BA54C63DFE53ED69199 /* Pods-Instagram.release.xcconfig */ = {isa = PBXFileReference; includeInIndex = 1; lastKnownFileType = text.xcconfig; name = "Pods-Instagram.release.xcconfig"; path = "Target Support Files/Pods-Instagram/Pods-Instagram.release.xcconfig"; sourceTree = "<group>"; };
		80F6E45C87E3BABB15A84763 /* Pods_InstagramTests.framework */ = {isa = PBXFileReference; explicitFileType = wrapper.framework; includeInIndex = 0; path = Pods_InstagramTests.framework; sourceTree = BUILT_PRODUCTS_DIR; };
		A62CD1D874A20E0B9273C442 /* Pods_Instagram.framework */ = {isa = PBXFileReference; explicitFileType = wrapper.framework; includeInIndex = 0; path = Pods_Instagram.framework; sourceTree = BUILT_PRODUCTS_DIR; };
		B246A7824BFAD55C03979C39 /* Pods_Instagram_InstagramUITests.framework */ = {isa = PBXFileReference; explicitFileType = wrapper.framework; includeInIndex = 0; path = Pods_Instagram_InstagramUITests.framework; sourceTree = BUILT_PRODUCTS_DIR; };
		C7B696D0F80E10E6718BD04F /* Pods-InstagramTests.release.xcconfig */ = {isa = PBXFileReference; includeInIndex = 1; lastKnownFileType = text.xcconfig; name = "Pods-InstagramTests.release.xcconfig"; path = "Target Support Files/Pods-InstagramTests/Pods-InstagramTests.release.xcconfig"; sourceTree = "<group>"; };
/* End PBXFileReference section */

/* Begin PBXFrameworksBuildPhase section */
		44D3B29B27CA7DC2009A0B9D /* Frameworks */ = {
			isa = PBXFrameworksBuildPhase;
			buildActionMask = 2147483647;
			files = (
				06512BF89A0BC0B5D38C71AD /* Pods_Instagram.framework in Frameworks */,
			);
			runOnlyForDeploymentPostprocessing = 0;
		};
		44D3B2B127CA7DC5009A0B9D /* Frameworks */ = {
			isa = PBXFrameworksBuildPhase;
			buildActionMask = 2147483647;
			files = (
				2CF19A55BEEA2F28FDFE2206 /* Pods_InstagramTests.framework in Frameworks */,
			);
			runOnlyForDeploymentPostprocessing = 0;
		};
		44D3B2BB27CA7DC5009A0B9D /* Frameworks */ = {
			isa = PBXFrameworksBuildPhase;
			buildActionMask = 2147483647;
			files = (
				3AFD12B45E7B5F9DF9FAFACF /* Pods_Instagram_InstagramUITests.framework in Frameworks */,
			);
			runOnlyForDeploymentPostprocessing = 0;
		};
/* End PBXFrameworksBuildPhase section */

/* Begin PBXGroup section */
		44D3B29527CA7DC2009A0B9D = {
			isa = PBXGroup;
			children = (
				44D3B2A027CA7DC2009A0B9D /* Instagram */,
				44D3B2B727CA7DC5009A0B9D /* InstagramTests */,
				44D3B2C127CA7DC5009A0B9D /* InstagramUITests */,
				44D3B29F27CA7DC2009A0B9D /* Products */,
				884E44246987B3B527798E62 /* Pods */,
				F73136340A2E8B614A1AA8B3 /* Frameworks */,
			);
			sourceTree = "<group>";
		};
		44D3B29F27CA7DC2009A0B9D /* Products */ = {
			isa = PBXGroup;
			children = (
				44D3B29E27CA7DC2009A0B9D /* Instagram.app */,
				44D3B2B427CA7DC5009A0B9D /* InstagramTests.xctest */,
				44D3B2BE27CA7DC5009A0B9D /* InstagramUITests.xctest */,
			);
			name = Products;
			sourceTree = "<group>";
		};
		44D3B2A027CA7DC2009A0B9D /* Instagram */ = {
			isa = PBXGroup;
			children = (
				44D3B2A127CA7DC2009A0B9D /* AppDelegate.swift */,
				44D3B2A327CA7DC2009A0B9D /* SceneDelegate.swift */,
				44D3B2A727CA7DC2009A0B9D /* Main.storyboard */,
				44D3B2AA27CA7DC5009A0B9D /* Assets.xcassets */,
				44D3B2AC27CA7DC5009A0B9D /* LaunchScreen.storyboard */,
				44D3B2AF27CA7DC5009A0B9D /* Info.plist */,
				44D3B2D127CA805A009A0B9D /* LoginViewController.swift */,
				44D3B2D327CA8066009A0B9D /* FeedViewController.swift */,
				44D3B2D527CB0E5F009A0B9D /* CameraViewController.swift */,
				44D3B2D727CB457A009A0B9D /* PostCell.swift */,
				44FCB8FB27CEC72700FEAA5D /* CommentCell.swift */,
			);
			path = Instagram;
			sourceTree = "<group>";
		};
		44D3B2B727CA7DC5009A0B9D /* InstagramTests */ = {
			isa = PBXGroup;
			children = (
				44D3B2B827CA7DC5009A0B9D /* InstagramTests.swift */,
			);
			path = InstagramTests;
			sourceTree = "<group>";
		};
		44D3B2C127CA7DC5009A0B9D /* InstagramUITests */ = {
			isa = PBXGroup;
			children = (
				44D3B2C227CA7DC5009A0B9D /* InstagramUITests.swift */,
				44D3B2C427CA7DC5009A0B9D /* InstagramUITestsLaunchTests.swift */,
			);
			path = InstagramUITests;
			sourceTree = "<group>";
		};
		884E44246987B3B527798E62 /* Pods */ = {
			isa = PBXGroup;
			children = (
				6074B1EE4AAC10203D8CB9E3 /* Pods-Instagram.debug.xcconfig */,
				74EB5BA54C63DFE53ED69199 /* Pods-Instagram.release.xcconfig */,
				5353D5F2C7AB0C6207DC6061 /* Pods-Instagram-InstagramUITests.debug.xcconfig */,
				2CC0BE2DACB4E3B117DA9549 /* Pods-Instagram-InstagramUITests.release.xcconfig */,
				345B8A6DC2EBFD4334B4D146 /* Pods-InstagramTests.debug.xcconfig */,
				C7B696D0F80E10E6718BD04F /* Pods-InstagramTests.release.xcconfig */,
			);
			path = Pods;
			sourceTree = "<group>";
		};
		F73136340A2E8B614A1AA8B3 /* Frameworks */ = {
			isa = PBXGroup;
			children = (
				A62CD1D874A20E0B9273C442 /* Pods_Instagram.framework */,
				B246A7824BFAD55C03979C39 /* Pods_Instagram_InstagramUITests.framework */,
				80F6E45C87E3BABB15A84763 /* Pods_InstagramTests.framework */,
			);
			name = Frameworks;
			sourceTree = "<group>";
		};
/* End PBXGroup section */

/* Begin PBXNativeTarget section */
		44D3B29D27CA7DC2009A0B9D /* Instagram */ = {
			isa = PBXNativeTarget;
			buildConfigurationList = 44D3B2C827CA7DC5009A0B9D /* Build configuration list for PBXNativeTarget "Instagram" */;
			buildPhases = (
				5A3B59CB6F7A651AAF9369E9 /* [CP] Check Pods Manifest.lock */,
				44D3B29A27CA7DC2009A0B9D /* Sources */,
				44D3B29B27CA7DC2009A0B9D /* Frameworks */,
				44D3B29C27CA7DC2009A0B9D /* Resources */,
				CA278B881179B233890A5076 /* [CP] Embed Pods Frameworks */,
			);
			buildRules = (
			);
			dependencies = (
			);
			name = Instagram;
			productName = Instagram;
			productReference = 44D3B29E27CA7DC2009A0B9D /* Instagram.app */;
			productType = "com.apple.product-type.application";
		};
		44D3B2B327CA7DC5009A0B9D /* InstagramTests */ = {
			isa = PBXNativeTarget;
			buildConfigurationList = 44D3B2CB27CA7DC5009A0B9D /* Build configuration list for PBXNativeTarget "InstagramTests" */;
			buildPhases = (
				43D4EE76DE1166767FFDA050 /* [CP] Check Pods Manifest.lock */,
				44D3B2B027CA7DC5009A0B9D /* Sources */,
				44D3B2B127CA7DC5009A0B9D /* Frameworks */,
				44D3B2B227CA7DC5009A0B9D /* Resources */,
			);
			buildRules = (
			);
			dependencies = (
				44D3B2B627CA7DC5009A0B9D /* PBXTargetDependency */,
			);
			name = InstagramTests;
			productName = InstagramTests;
			productReference = 44D3B2B427CA7DC5009A0B9D /* InstagramTests.xctest */;
			productType = "com.apple.product-type.bundle.unit-test";
		};
		44D3B2BD27CA7DC5009A0B9D /* InstagramUITests */ = {
			isa = PBXNativeTarget;
			buildConfigurationList = 44D3B2CE27CA7DC5009A0B9D /* Build configuration list for PBXNativeTarget "InstagramUITests" */;
			buildPhases = (
				91398887E5B23205475FA716 /* [CP] Check Pods Manifest.lock */,
				44D3B2BA27CA7DC5009A0B9D /* Sources */,
				44D3B2BB27CA7DC5009A0B9D /* Frameworks */,
				44D3B2BC27CA7DC5009A0B9D /* Resources */,
				34CA0F7B674398086F3E132D /* [CP] Embed Pods Frameworks */,
			);
			buildRules = (
			);
			dependencies = (
				44D3B2C027CA7DC5009A0B9D /* PBXTargetDependency */,
			);
			name = InstagramUITests;
			productName = InstagramUITests;
			productReference = 44D3B2BE27CA7DC5009A0B9D /* InstagramUITests.xctest */;
			productType = "com.apple.product-type.bundle.ui-testing";
		};
/* End PBXNativeTarget section */

/* Begin PBXProject section */
		44D3B29627CA7DC2009A0B9D /* Project object */ = {
			isa = PBXProject;
			attributes = {
				BuildIndependentTargetsInParallel = 1;
				LastSwiftUpdateCheck = 1320;
				LastUpgradeCheck = 1320;
				TargetAttributes = {
					44D3B29D27CA7DC2009A0B9D = {
						CreatedOnToolsVersion = 13.2.1;
					};
					44D3B2B327CA7DC5009A0B9D = {
						CreatedOnToolsVersion = 13.2.1;
						TestTargetID = 44D3B29D27CA7DC2009A0B9D;
					};
					44D3B2BD27CA7DC5009A0B9D = {
						CreatedOnToolsVersion = 13.2.1;
						TestTargetID = 44D3B29D27CA7DC2009A0B9D;
					};
				};
			};
			buildConfigurationList = 44D3B29927CA7DC2009A0B9D /* Build configuration list for PBXProject "Instagram" */;
			compatibilityVersion = "Xcode 13.0";
			developmentRegion = en;
			hasScannedForEncodings = 0;
			knownRegions = (
				en,
				Base,
			);
			mainGroup = 44D3B29527CA7DC2009A0B9D;
			productRefGroup = 44D3B29F27CA7DC2009A0B9D /* Products */;
			projectDirPath = "";
			projectRoot = "";
			targets = (
				44D3B29D27CA7DC2009A0B9D /* Instagram */,
				44D3B2B327CA7DC5009A0B9D /* InstagramTests */,
				44D3B2BD27CA7DC5009A0B9D /* InstagramUITests */,
			);
		};
/* End PBXProject section */

/* Begin PBXResourcesBuildPhase section */
		44D3B29C27CA7DC2009A0B9D /* Resources */ = {
			isa = PBXResourcesBuildPhase;
			buildActionMask = 2147483647;
			files = (
				44D3B2AE27CA7DC5009A0B9D /* LaunchScreen.storyboard in Resources */,
				44D3B2AB27CA7DC5009A0B9D /* Assets.xcassets in Resources */,
				44D3B2A927CA7DC2009A0B9D /* Main.storyboard in Resources */,
			);
			runOnlyForDeploymentPostprocessing = 0;
		};
		44D3B2B227CA7DC5009A0B9D /* Resources */ = {
			isa = PBXResourcesBuildPhase;
			buildActionMask = 2147483647;
			files = (
			);
			runOnlyForDeploymentPostprocessing = 0;
		};
		44D3B2BC27CA7DC5009A0B9D /* Resources */ = {
			isa = PBXResourcesBuildPhase;
			buildActionMask = 2147483647;
			files = (
			);
			runOnlyForDeploymentPostprocessing = 0;
		};
/* End PBXResourcesBuildPhase section */

/* Begin PBXShellScriptBuildPhase section */
		34CA0F7B674398086F3E132D /* [CP] Embed Pods Frameworks */ = {
			isa = PBXShellScriptBuildPhase;
			buildActionMask = 2147483647;
			files = (
			);
			inputFileListPaths = (
				"${PODS_ROOT}/Target Support Files/Pods-Instagram-InstagramUITests/Pods-Instagram-InstagramUITests-frameworks-${CONFIGURATION}-input-files.xcfilelist",
			);
			name = "[CP] Embed Pods Frameworks";
			outputFileListPaths = (
				"${PODS_ROOT}/Target Support Files/Pods-Instagram-InstagramUITests/Pods-Instagram-InstagramUITests-frameworks-${CONFIGURATION}-output-files.xcfilelist",
			);
			runOnlyForDeploymentPostprocessing = 0;
			shellPath = /bin/sh;
			shellScript = "\"${PODS_ROOT}/Target Support Files/Pods-Instagram-InstagramUITests/Pods-Instagram-InstagramUITests-frameworks.sh\"\n";
			showEnvVarsInLog = 0;
		};
		43D4EE76DE1166767FFDA050 /* [CP] Check Pods Manifest.lock */ = {
			isa = PBXShellScriptBuildPhase;
			buildActionMask = 2147483647;
			files = (
			);
			inputFileListPaths = (
			);
			inputPaths = (
				"${PODS_PODFILE_DIR_PATH}/Podfile.lock",
				"${PODS_ROOT}/Manifest.lock",
			);
			name = "[CP] Check Pods Manifest.lock";
			outputFileListPaths = (
			);
			outputPaths = (
				"$(DERIVED_FILE_DIR)/Pods-InstagramTests-checkManifestLockResult.txt",
			);
			runOnlyForDeploymentPostprocessing = 0;
			shellPath = /bin/sh;
			shellScript = "diff \"${PODS_PODFILE_DIR_PATH}/Podfile.lock\" \"${PODS_ROOT}/Manifest.lock\" > /dev/null\nif [ $? != 0 ] ; then\n    # print error to STDERR\n    echo \"error: The sandbox is not in sync with the Podfile.lock. Run 'pod install' or update your CocoaPods installation.\" >&2\n    exit 1\nfi\n# This output is used by Xcode 'outputs' to avoid re-running this script phase.\necho \"SUCCESS\" > \"${SCRIPT_OUTPUT_FILE_0}\"\n";
			showEnvVarsInLog = 0;
		};
		5A3B59CB6F7A651AAF9369E9 /* [CP] Check Pods Manifest.lock */ = {
			isa = PBXShellScriptBuildPhase;
			buildActionMask = 2147483647;
			files = (
			);
			inputFileListPaths = (
			);
			inputPaths = (
				"${PODS_PODFILE_DIR_PATH}/Podfile.lock",
				"${PODS_ROOT}/Manifest.lock",
			);
			name = "[CP] Check Pods Manifest.lock";
			outputFileListPaths = (
			);
			outputPaths = (
				"$(DERIVED_FILE_DIR)/Pods-Instagram-checkManifestLockResult.txt",
			);
			runOnlyForDeploymentPostprocessing = 0;
			shellPath = /bin/sh;
			shellScript = "diff \"${PODS_PODFILE_DIR_PATH}/Podfile.lock\" \"${PODS_ROOT}/Manifest.lock\" > /dev/null\nif [ $? != 0 ] ; then\n    # print error to STDERR\n    echo \"error: The sandbox is not in sync with the Podfile.lock. Run 'pod install' or update your CocoaPods installation.\" >&2\n    exit 1\nfi\n# This output is used by Xcode 'outputs' to avoid re-running this script phase.\necho \"SUCCESS\" > \"${SCRIPT_OUTPUT_FILE_0}\"\n";
			showEnvVarsInLog = 0;
		};
		91398887E5B23205475FA716 /* [CP] Check Pods Manifest.lock */ = {
			isa = PBXShellScriptBuildPhase;
			buildActionMask = 2147483647;
			files = (
			);
			inputFileListPaths = (
			);
			inputPaths = (
				"${PODS_PODFILE_DIR_PATH}/Podfile.lock",
				"${PODS_ROOT}/Manifest.lock",
			);
			name = "[CP] Check Pods Manifest.lock";
			outputFileListPaths = (
			);
			outputPaths = (
				"$(DERIVED_FILE_DIR)/Pods-Instagram-InstagramUITests-checkManifestLockResult.txt",
			);
			runOnlyForDeploymentPostprocessing = 0;
			shellPath = /bin/sh;
			shellScript = "diff \"${PODS_PODFILE_DIR_PATH}/Podfile.lock\" \"${PODS_ROOT}/Manifest.lock\" > /dev/null\nif [ $? != 0 ] ; then\n    # print error to STDERR\n    echo \"error: The sandbox is not in sync with the Podfile.lock. Run 'pod install' or update your CocoaPods installation.\" >&2\n    exit 1\nfi\n# This output is used by Xcode 'outputs' to avoid re-running this script phase.\necho \"SUCCESS\" > \"${SCRIPT_OUTPUT_FILE_0}\"\n";
			showEnvVarsInLog = 0;
		};
		CA278B881179B233890A5076 /* [CP] Embed Pods Frameworks */ = {
			isa = PBXShellScriptBuildPhase;
			buildActionMask = 2147483647;
			files = (
			);
			inputFileListPaths = (
				"${PODS_ROOT}/Target Support Files/Pods-Instagram/Pods-Instagram-frameworks-${CONFIGURATION}-input-files.xcfilelist",
			);
			name = "[CP] Embed Pods Frameworks";
			outputFileListPaths = (
				"${PODS_ROOT}/Target Support Files/Pods-Instagram/Pods-Instagram-frameworks-${CONFIGURATION}-output-files.xcfilelist",
			);
			runOnlyForDeploymentPostprocessing = 0;
			shellPath = /bin/sh;
			shellScript = "\"${PODS_ROOT}/Target Support Files/Pods-Instagram/Pods-Instagram-frameworks.sh\"\n";
			showEnvVarsInLog = 0;
		};
/* End PBXShellScriptBuildPhase section */

/* Begin PBXSourcesBuildPhase section */
		44D3B29A27CA7DC2009A0B9D /* Sources */ = {
			isa = PBXSourcesBuildPhase;
			buildActionMask = 2147483647;
			files = (
				44D3B2D227CA805A009A0B9D /* LoginViewController.swift in Sources */,
				44D3B2D627CB0E5F009A0B9D /* CameraViewController.swift in Sources */,
				44D3B2A227CA7DC2009A0B9D /* AppDelegate.swift in Sources */,
				44D3B2D427CA8066009A0B9D /* FeedViewController.swift in Sources */,
				44D3B2A427CA7DC2009A0B9D /* SceneDelegate.swift in Sources */,
				44D3B2D827CB457A009A0B9D /* PostCell.swift in Sources */,
				44FCB8FC27CEC72700FEAA5D /* CommentCell.swift in Sources */,
			);
			runOnlyForDeploymentPostprocessing = 0;
		};
		44D3B2B027CA7DC5009A0B9D /* Sources */ = {
			isa = PBXSourcesBuildPhase;
			buildActionMask = 2147483647;
			files = (
				44D3B2B927CA7DC5009A0B9D /* InstagramTests.swift in Sources */,
			);
			runOnlyForDeploymentPostprocessing = 0;
		};
		44D3B2BA27CA7DC5009A0B9D /* Sources */ = {
			isa = PBXSourcesBuildPhase;
			buildActionMask = 2147483647;
			files = (
				44D3B2C327CA7DC5009A0B9D /* InstagramUITests.swift in Sources */,
				44D3B2C527CA7DC5009A0B9D /* InstagramUITestsLaunchTests.swift in Sources */,
			);
			runOnlyForDeploymentPostprocessing = 0;
		};
/* End PBXSourcesBuildPhase section */

/* Begin PBXTargetDependency section */
		44D3B2B627CA7DC5009A0B9D /* PBXTargetDependency */ = {
			isa = PBXTargetDependency;
			target = 44D3B29D27CA7DC2009A0B9D /* Instagram */;
			targetProxy = 44D3B2B527CA7DC5009A0B9D /* PBXContainerItemProxy */;
		};
		44D3B2C027CA7DC5009A0B9D /* PBXTargetDependency */ = {
			isa = PBXTargetDependency;
			target = 44D3B29D27CA7DC2009A0B9D /* Instagram */;
			targetProxy = 44D3B2BF27CA7DC5009A0B9D /* PBXContainerItemProxy */;
		};
/* End PBXTargetDependency section */

/* Begin PBXVariantGroup section */
		44D3B2A727CA7DC2009A0B9D /* Main.storyboard */ = {
			isa = PBXVariantGroup;
			children = (
				44D3B2A827CA7DC2009A0B9D /* Base */,
			);
			name = Main.storyboard;
			sourceTree = "<group>";
		};
		44D3B2AC27CA7DC5009A0B9D /* LaunchScreen.storyboard */ = {
			isa = PBXVariantGroup;
			children = (
				44D3B2AD27CA7DC5009A0B9D /* Base */,
			);
			name = LaunchScreen.storyboard;
			sourceTree = "<group>";
		};
/* End PBXVariantGroup section */

/* Begin XCBuildConfiguration section */
		44D3B2C627CA7DC5009A0B9D /* Debug */ = {
			isa = XCBuildConfiguration;
			buildSettings = {
				ALWAYS_SEARCH_USER_PATHS = NO;
				CLANG_ANALYZER_NONNULL = YES;
				CLANG_ANALYZER_NUMBER_OBJECT_CONVERSION = YES_AGGRESSIVE;
				CLANG_CXX_LANGUAGE_STANDARD = "gnu++17";
				CLANG_CXX_LIBRARY = "libc++";
				CLANG_ENABLE_MODULES = YES;
				CLANG_ENABLE_OBJC_ARC = YES;
				CLANG_ENABLE_OBJC_WEAK = YES;
				CLANG_WARN_BLOCK_CAPTURE_AUTORELEASING = YES;
				CLANG_WARN_BOOL_CONVERSION = YES;
				CLANG_WARN_COMMA = YES;
				CLANG_WARN_CONSTANT_CONVERSION = YES;
				CLANG_WARN_DEPRECATED_OBJC_IMPLEMENTATIONS = YES;
				CLANG_WARN_DIRECT_OBJC_ISA_USAGE = YES_ERROR;
				CLANG_WARN_DOCUMENTATION_COMMENTS = YES;
				CLANG_WARN_EMPTY_BODY = YES;
				CLANG_WARN_ENUM_CONVERSION = YES;
				CLANG_WARN_INFINITE_RECURSION = YES;
				CLANG_WARN_INT_CONVERSION = YES;
				CLANG_WARN_NON_LITERAL_NULL_CONVERSION = YES;
				CLANG_WARN_OBJC_IMPLICIT_RETAIN_SELF = YES;
				CLANG_WARN_OBJC_LITERAL_CONVERSION = YES;
				CLANG_WARN_OBJC_ROOT_CLASS = YES_ERROR;
				CLANG_WARN_QUOTED_INCLUDE_IN_FRAMEWORK_HEADER = YES;
				CLANG_WARN_RANGE_LOOP_ANALYSIS = YES;
				CLANG_WARN_STRICT_PROTOTYPES = YES;
				CLANG_WARN_SUSPICIOUS_MOVE = YES;
				CLANG_WARN_UNGUARDED_AVAILABILITY = YES_AGGRESSIVE;
				CLANG_WARN_UNREACHABLE_CODE = YES;
				CLANG_WARN__DUPLICATE_METHOD_MATCH = YES;
				COPY_PHASE_STRIP = NO;
				DEBUG_INFORMATION_FORMAT = dwarf;
				ENABLE_STRICT_OBJC_MSGSEND = YES;
				ENABLE_TESTABILITY = YES;
				GCC_C_LANGUAGE_STANDARD = gnu11;
				GCC_DYNAMIC_NO_PIC = NO;
				GCC_NO_COMMON_BLOCKS = YES;
				GCC_OPTIMIZATION_LEVEL = 0;
				GCC_PREPROCESSOR_DEFINITIONS = (
					"DEBUG=1",
					"$(inherited)",
				);
				GCC_WARN_64_TO_32_BIT_CONVERSION = YES;
				GCC_WARN_ABOUT_RETURN_TYPE = YES_ERROR;
				GCC_WARN_UNDECLARED_SELECTOR = YES;
				GCC_WARN_UNINITIALIZED_AUTOS = YES_AGGRESSIVE;
				GCC_WARN_UNUSED_FUNCTION = YES;
				GCC_WARN_UNUSED_VARIABLE = YES;
				IPHONEOS_DEPLOYMENT_TARGET = 15.2;
				MTL_ENABLE_DEBUG_INFO = INCLUDE_SOURCE;
				MTL_FAST_MATH = YES;
				ONLY_ACTIVE_ARCH = YES;
				SDKROOT = iphoneos;
				SWIFT_ACTIVE_COMPILATION_CONDITIONS = DEBUG;
				SWIFT_OPTIMIZATION_LEVEL = "-Onone";
			};
			name = Debug;
		};
		44D3B2C727CA7DC5009A0B9D /* Release */ = {
			isa = XCBuildConfiguration;
			buildSettings = {
				ALWAYS_SEARCH_USER_PATHS = NO;
				CLANG_ANALYZER_NONNULL = YES;
				CLANG_ANALYZER_NUMBER_OBJECT_CONVERSION = YES_AGGRESSIVE;
				CLANG_CXX_LANGUAGE_STANDARD = "gnu++17";
				CLANG_CXX_LIBRARY = "libc++";
				CLANG_ENABLE_MODULES = YES;
				CLANG_ENABLE_OBJC_ARC = YES;
				CLANG_ENABLE_OBJC_WEAK = YES;
				CLANG_WARN_BLOCK_CAPTURE_AUTORELEASING = YES;
				CLANG_WARN_BOOL_CONVERSION = YES;
				CLANG_WARN_COMMA = YES;
				CLANG_WARN_CONSTANT_CONVERSION = YES;
				CLANG_WARN_DEPRECATED_OBJC_IMPLEMENTATIONS = YES;
				CLANG_WARN_DIRECT_OBJC_ISA_USAGE = YES_ERROR;
				CLANG_WARN_DOCUMENTATION_COMMENTS = YES;
				CLANG_WARN_EMPTY_BODY = YES;
				CLANG_WARN_ENUM_CONVERSION = YES;
				CLANG_WARN_INFINITE_RECURSION = YES;
				CLANG_WARN_INT_CONVERSION = YES;
				CLANG_WARN_NON_LITERAL_NULL_CONVERSION = YES;
				CLANG_WARN_OBJC_IMPLICIT_RETAIN_SELF = YES;
				CLANG_WARN_OBJC_LITERAL_CONVERSION = YES;
				CLANG_WARN_OBJC_ROOT_CLASS = YES_ERROR;
				CLANG_WARN_QUOTED_INCLUDE_IN_FRAMEWORK_HEADER = YES;
				CLANG_WARN_RANGE_LOOP_ANALYSIS = YES;
				CLANG_WARN_STRICT_PROTOTYPES = YES;
				CLANG_WARN_SUSPICIOUS_MOVE = YES;
				CLANG_WARN_UNGUARDED_AVAILABILITY = YES_AGGRESSIVE;
				CLANG_WARN_UNREACHABLE_CODE = YES;
				CLANG_WARN__DUPLICATE_METHOD_MATCH = YES;
				COPY_PHASE_STRIP = NO;
				DEBUG_INFORMATION_FORMAT = "dwarf-with-dsym";
				ENABLE_NS_ASSERTIONS = NO;
				ENABLE_STRICT_OBJC_MSGSEND = YES;
				GCC_C_LANGUAGE_STANDARD = gnu11;
				GCC_NO_COMMON_BLOCKS = YES;
				GCC_WARN_64_TO_32_BIT_CONVERSION = YES;
				GCC_WARN_ABOUT_RETURN_TYPE = YES_ERROR;
				GCC_WARN_UNDECLARED_SELECTOR = YES;
				GCC_WARN_UNINITIALIZED_AUTOS = YES_AGGRESSIVE;
				GCC_WARN_UNUSED_FUNCTION = YES;
				GCC_WARN_UNUSED_VARIABLE = YES;
				IPHONEOS_DEPLOYMENT_TARGET = 15.2;
				MTL_ENABLE_DEBUG_INFO = NO;
				MTL_FAST_MATH = YES;
				SDKROOT = iphoneos;
				SWIFT_COMPILATION_MODE = wholemodule;
				SWIFT_OPTIMIZATION_LEVEL = "-O";
				VALIDATE_PRODUCT = YES;
			};
			name = Release;
		};
		44D3B2C927CA7DC5009A0B9D /* Debug */ = {
			isa = XCBuildConfiguration;
			baseConfigurationReference = 6074B1EE4AAC10203D8CB9E3 /* Pods-Instagram.debug.xcconfig */;
			buildSettings = {
				ASSETCATALOG_COMPILER_APPICON_NAME = AppIcon;
				ASSETCATALOG_COMPILER_GLOBAL_ACCENT_COLOR_NAME = AccentColor;
				CODE_SIGN_STYLE = Automatic;
				CURRENT_PROJECT_VERSION = 1;
				DEVELOPMENT_TEAM = 23FNG7T3LJ;
				GENERATE_INFOPLIST_FILE = YES;
				INFOPLIST_FILE = Instagram/Info.plist;
				INFOPLIST_KEY_UIApplicationSupportsIndirectInputEvents = YES;
				INFOPLIST_KEY_UILaunchStoryboardName = LaunchScreen;
				INFOPLIST_KEY_UIMainStoryboardFile = Main;
				INFOPLIST_KEY_UISupportedInterfaceOrientations_iPad = "UIInterfaceOrientationPortrait UIInterfaceOrientationPortraitUpsideDown UIInterfaceOrientationLandscapeLeft UIInterfaceOrientationLandscapeRight";
				INFOPLIST_KEY_UISupportedInterfaceOrientations_iPhone = "UIInterfaceOrientationPortrait UIInterfaceOrientationLandscapeLeft UIInterfaceOrientationLandscapeRight";
				LD_RUNPATH_SEARCH_PATHS = (
					"$(inherited)",
					"@executable_path/Frameworks",
				);
				MARKETING_VERSION = 1.0;
				PRODUCT_BUNDLE_IDENTIFIER = com.jnyareese.Instagram;
				PRODUCT_NAME = "$(TARGET_NAME)";
				SWIFT_EMIT_LOC_STRINGS = YES;
				SWIFT_VERSION = 5.0;
				TARGETED_DEVICE_FAMILY = "1,2";
			};
			name = Debug;
		};
		44D3B2CA27CA7DC5009A0B9D /* Release */ = {
			isa = XCBuildConfiguration;
			baseConfigurationReference = 74EB5BA54C63DFE53ED69199 /* Pods-Instagram.release.xcconfig */;
			buildSettings = {
				ASSETCATALOG_COMPILER_APPICON_NAME = AppIcon;
				ASSETCATALOG_COMPILER_GLOBAL_ACCENT_COLOR_NAME = AccentColor;
				CODE_SIGN_STYLE = Automatic;
				CURRENT_PROJECT_VERSION = 1;
				DEVELOPMENT_TEAM = 23FNG7T3LJ;
				GENERATE_INFOPLIST_FILE = YES;
				INFOPLIST_FILE = Instagram/Info.plist;
				INFOPLIST_KEY_UIApplicationSupportsIndirectInputEvents = YES;
				INFOPLIST_KEY_UILaunchStoryboardName = LaunchScreen;
				INFOPLIST_KEY_UIMainStoryboardFile = Main;
				INFOPLIST_KEY_UISupportedInterfaceOrientations_iPad = "UIInterfaceOrientationPortrait UIInterfaceOrientationPortraitUpsideDown UIInterfaceOrientationLandscapeLeft UIInterfaceOrientationLandscapeRight";
				INFOPLIST_KEY_UISupportedInterfaceOrientations_iPhone = "UIInterfaceOrientationPortrait UIInterfaceOrientationLandscapeLeft UIInterfaceOrientationLandscapeRight";
				LD_RUNPATH_SEARCH_PATHS = (
					"$(inherited)",
					"@executable_path/Frameworks",
				);
				MARKETING_VERSION = 1.0;
				PRODUCT_BUNDLE_IDENTIFIER = com.jnyareese.Instagram;
				PRODUCT_NAME = "$(TARGET_NAME)";
				SWIFT_EMIT_LOC_STRINGS = YES;
				SWIFT_VERSION = 5.0;
				TARGETED_DEVICE_FAMILY = "1,2";
			};
			name = Release;
		};
		44D3B2CC27CA7DC5009A0B9D /* Debug */ = {
			isa = XCBuildConfiguration;
			baseConfigurationReference = 345B8A6DC2EBFD4334B4D146 /* Pods-InstagramTests.debug.xcconfig */;
			buildSettings = {
				ALWAYS_EMBED_SWIFT_STANDARD_LIBRARIES = YES;
				BUNDLE_LOADER = "$(TEST_HOST)";
				CODE_SIGN_STYLE = Automatic;
				CURRENT_PROJECT_VERSION = 1;
				DEVELOPMENT_TEAM = 23FNG7T3LJ;
				GENERATE_INFOPLIST_FILE = YES;
				IPHONEOS_DEPLOYMENT_TARGET = 15.2;
				MARKETING_VERSION = 1.0;
				PRODUCT_BUNDLE_IDENTIFIER = com.jnyareese.InstagramTests;
				PRODUCT_NAME = "$(TARGET_NAME)";
				SWIFT_EMIT_LOC_STRINGS = NO;
				SWIFT_VERSION = 5.0;
				TARGETED_DEVICE_FAMILY = "1,2";
				TEST_HOST = "$(BUILT_PRODUCTS_DIR)/Instagram.app/Instagram";
			};
			name = Debug;
		};
		44D3B2CD27CA7DC5009A0B9D /* Release */ = {
			isa = XCBuildConfiguration;
			baseConfigurationReference = C7B696D0F80E10E6718BD04F /* Pods-InstagramTests.release.xcconfig */;
			buildSettings = {
				ALWAYS_EMBED_SWIFT_STANDARD_LIBRARIES = YES;
				BUNDLE_LOADER = "$(TEST_HOST)";
				CODE_SIGN_STYLE = Automatic;
				CURRENT_PROJECT_VERSION = 1;
				DEVELOPMENT_TEAM = 23FNG7T3LJ;
				GENERATE_INFOPLIST_FILE = YES;
				IPHONEOS_DEPLOYMENT_TARGET = 15.2;
				MARKETING_VERSION = 1.0;
				PRODUCT_BUNDLE_IDENTIFIER = com.jnyareese.InstagramTests;
				PRODUCT_NAME = "$(TARGET_NAME)";
				SWIFT_EMIT_LOC_STRINGS = NO;
				SWIFT_VERSION = 5.0;
				TARGETED_DEVICE_FAMILY = "1,2";
				TEST_HOST = "$(BUILT_PRODUCTS_DIR)/Instagram.app/Instagram";
			};
			name = Release;
		};
		44D3B2CF27CA7DC5009A0B9D /* Debug */ = {
			isa = XCBuildConfiguration;
			baseConfigurationReference = 5353D5F2C7AB0C6207DC6061 /* Pods-Instagram-InstagramUITests.debug.xcconfig */;
			buildSettings = {
				ALWAYS_EMBED_SWIFT_STANDARD_LIBRARIES = YES;
				CODE_SIGN_STYLE = Automatic;
				CURRENT_PROJECT_VERSION = 1;
				DEVELOPMENT_TEAM = 23FNG7T3LJ;
				GENERATE_INFOPLIST_FILE = YES;
				MARKETING_VERSION = 1.0;
				PRODUCT_BUNDLE_IDENTIFIER = com.jnyareese.InstagramUITests;
				PRODUCT_NAME = "$(TARGET_NAME)";
				SWIFT_EMIT_LOC_STRINGS = NO;
				SWIFT_VERSION = 5.0;
				TARGETED_DEVICE_FAMILY = "1,2";
				TEST_TARGET_NAME = Instagram;
			};
			name = Debug;
		};
		44D3B2D027CA7DC5009A0B9D /* Release */ = {
			isa = XCBuildConfiguration;
			baseConfigurationReference = 2CC0BE2DACB4E3B117DA9549 /* Pods-Instagram-InstagramUITests.release.xcconfig */;
			buildSettings = {
				ALWAYS_EMBED_SWIFT_STANDARD_LIBRARIES = YES;
				CODE_SIGN_STYLE = Automatic;
				CURRENT_PROJECT_VERSION = 1;
				DEVELOPMENT_TEAM = 23FNG7T3LJ;
				GENERATE_INFOPLIST_FILE = YES;
				MARKETING_VERSION = 1.0;
				PRODUCT_BUNDLE_IDENTIFIER = com.jnyareese.InstagramUITests;
				PRODUCT_NAME = "$(TARGET_NAME)";
				SWIFT_EMIT_LOC_STRINGS = NO;
				SWIFT_VERSION = 5.0;
				TARGETED_DEVICE_FAMILY = "1,2";
				TEST_TARGET_NAME = Instagram;
			};
			name = Release;
		};
/* End XCBuildConfiguration section */

/* Begin XCConfigurationList section */
		44D3B29927CA7DC2009A0B9D /* Build configuration list for PBXProject "Instagram" */ = {
			isa = XCConfigurationList;
			buildConfigurations = (
				44D3B2C627CA7DC5009A0B9D /* Debug */,
				44D3B2C727CA7DC5009A0B9D /* Release */,
			);
			defaultConfigurationIsVisible = 0;
			defaultConfigurationName = Release;
		};
		44D3B2C827CA7DC5009A0B9D /* Build configuration list for PBXNativeTarget "Instagram" */ = {
			isa = XCConfigurationList;
			buildConfigurations = (
				44D3B2C927CA7DC5009A0B9D /* Debug */,
				44D3B2CA27CA7DC5009A0B9D /* Release */,
			);
			defaultConfigurationIsVisible = 0;
			defaultConfigurationName = Release;
		};
		44D3B2CB27CA7DC5009A0B9D /* Build configuration list for PBXNativeTarget "InstagramTests" */ = {
			isa = XCConfigurationList;
			buildConfigurations = (
				44D3B2CC27CA7DC5009A0B9D /* Debug */,
				44D3B2CD27CA7DC5009A0B9D /* Release */,
			);
			defaultConfigurationIsVisible = 0;
			defaultConfigurationName = Release;
		};
		44D3B2CE27CA7DC5009A0B9D /* Build configuration list for PBXNativeTarget "InstagramUITests" */ = {
			isa = XCConfigurationList;
			buildConfigurations = (
				44D3B2CF27CA7DC5009A0B9D /* Debug */,
				44D3B2D027CA7DC5009A0B9D /* Release */,
			);
			defaultConfigurationIsVisible = 0;
			defaultConfigurationName = Release;
		};
/* End XCConfigurationList section */
	};
	rootObject = 44D3B29627CA7DC2009A0B9D /* Project object */;
}
